
Microsoft Visual Studio Solution File, Format Version 12.00
# Visual Studio Version 16
VisualStudioVersion = 16.0.30413.136
MinimumVisualStudioVersion = 10.0.40219.1
Project("{FAE04EC0-301F-11D3-BF4B-00C04F79EFBC}") = "clickTheFlags", "clickTheFlags.csproj", "{7FE740E6-5FE9-43E9-A8FF-CDFD9C89DBA4}"
EndProject
Global
	GlobalSection(SolutionConfigurationPlatforms) = preSolution
		Debug|Any CPU = Debug|Any CPU
		Release|Any CPU = Release|Any CPU
	EndGlobalSection
	GlobalSection(ProjectConfigurationPlatforms) = postSolution
		{7FE740E6-5FE9-43E9-A8FF-CDFD9C89DBA4}.Debug|Any CPU.ActiveCfg = Debug|Any CPU
		{7FE740E6-5FE9-43E9-A8FF-CDFD9C89DBA4}.Debug|Any CPU.Build.0 = Debug|Any CPU
		{7FE740E6-5FE9-43E9-A8FF-CDFD9C89DBA4}.Release|Any CPU.ActiveCfg = Release|Any CPU
		{7FE740E6-5FE9-43E9-A8FF-CDFD9C89DBA4}.Release|Any CPU.Build.0 = Release|Any CPU
	EndGlobalSection
	GlobalSection(SolutionProperties) = preSolution
		HideSolutionNode = FALSE
	EndGlobalSection
	GlobalSection(ExtensibilityGlobals) = postSolution
		SolutionGuid = {2652E105-BB52-4D94-970E-26771125784E}
	EndGlobalSection
EndGlobal
